
Microsoft Visual Studio Solution File, Format Version 12.00
# Visual Studio Version 17
VisualStudioVersion = 17.11.35327.3
MinimumVisualStudioVersion = 10.0.40219.1
Project("{FAE04EC0-301F-11D3-BF4B-00C04F79EFBC}") = "student_management_system", "student_management_system\student_management_system.csproj", "{3C234436-ED15-49C9-BA47-664AF2A7F2DA}"
EndProject
Global
	GlobalSection(SolutionConfigurationPlatforms) = preSolution
		Debug|Any CPU = Debug|Any CPU
		Release|Any CPU = Release|Any CPU
	EndGlobalSection
	GlobalSection(ProjectConfigurationPlatforms) = postSolution
		{3C234436-ED15-49C9-BA47-664AF2A7F2DA}.Debug|Any CPU.ActiveCfg = Debug|Any CPU
		{3C234436-ED15-49C9-BA47-664AF2A7F2DA}.Debug|Any CPU.Build.0 = Debug|Any CPU
		{3C234436-ED15-49C9-BA47-664AF2A7F2DA}.Release|Any CPU.ActiveCfg = Release|Any CPU
		{3C234436-ED15-49C9-BA47-664AF2A7F2DA}.Release|Any CPU.Build.0 = Release|Any CPU
	EndGlobalSection
	GlobalSection(SolutionProperties) = preSolution
		HideSolutionNode = FALSE
	EndGlobalSection
	GlobalSection(ExtensibilityGlobals) = postSolution
		SolutionGuid = {F24A9A42-DB43-40E9-8FC9-30C9BA09CD32}
	EndGlobalSection
EndGlobal
